
Microsoft Visual Studio Solution File, Format Version 12.00
# Visual Studio Version 17
VisualStudioVersion = 17.8.34511.84
MinimumVisualStudioVersion = 10.0.40219.1
Project("{FAE04EC0-301F-11D3-BF4B-00C04F79EFBC}") = "OOP Lesson 16", "OOP Lesson 16\OOP Lesson 16.csproj", "{055226E9-D686-4B0B-BDCA-936291E3181A}"
EndProject
Global
	GlobalSection(SolutionConfigurationPlatforms) = preSolution
		Debug|Any CPU = Debug|Any CPU
		Release|Any CPU = Release|Any CPU
	EndGlobalSection
	GlobalSection(ProjectConfigurationPlatforms) = postSolution
		{055226E9-D686-4B0B-BDCA-936291E3181A}.Debug|Any CPU.ActiveCfg = Debug|Any CPU
		{055226E9-D686-4B0B-BDCA-936291E3181A}.Debug|Any CPU.Build.0 = Debug|Any CPU
		{055226E9-D686-4B0B-BDCA-936291E3181A}.Release|Any CPU.ActiveCfg = Release|Any CPU
		{055226E9-D686-4B0B-BDCA-936291E3181A}.Release|Any CPU.Build.0 = Release|Any CPU
	EndGlobalSection
	GlobalSection(SolutionProperties) = preSolution
		HideSolutionNode = FALSE
	EndGlobalSection
	GlobalSection(ExtensibilityGlobals) = postSolution
		SolutionGuid = {0F044EA2-0FEB-4FF2-9F7A-90B9004DF67C}
	EndGlobalSection
EndGlobal
