
Microsoft Visual Studio Solution File, Format Version 12.00
# Visual Studio Version 17
VisualStudioVersion = 17.12.35521.163 d17.12
MinimumVisualStudioVersion = 10.0.40219.1
Project("{FAE04EC0-301F-11D3-BF4B-00C04F79EFBC}") = "OOP Lesson 24", "OOP Lesson 24\OOP Lesson 24.csproj", "{97124678-C3C4-4C54-8C81-AE11EDE4D191}"
EndProject
Global
	GlobalSection(SolutionConfigurationPlatforms) = preSolution
		Debug|Any CPU = Debug|Any CPU
		Release|Any CPU = Release|Any CPU
	EndGlobalSection
	GlobalSection(ProjectConfigurationPlatforms) = postSolution
		{97124678-C3C4-4C54-8C81-AE11EDE4D191}.Debug|Any CPU.ActiveCfg = Debug|Any CPU
		{97124678-C3C4-4C54-8C81-AE11EDE4D191}.Debug|Any CPU.Build.0 = Debug|Any CPU
		{97124678-C3C4-4C54-8C81-AE11EDE4D191}.Release|Any CPU.ActiveCfg = Release|Any CPU
		{97124678-C3C4-4C54-8C81-AE11EDE4D191}.Release|Any CPU.Build.0 = Release|Any CPU
	EndGlobalSection
	GlobalSection(SolutionProperties) = preSolution
		HideSolutionNode = FALSE
	EndGlobalSection
EndGlobal
