
Microsoft Visual Studio Solution File, Format Version 12.00
# Visual Studio Version 17
VisualStudioVersion = 17.12.35521.163 d17.12
MinimumVisualStudioVersion = 10.0.40219.1
Project("{FAE04EC0-301F-11D3-BF4B-00C04F79EFBC}") = "OOP Lesson 18", "OOP Lesson 18\OOP Lesson 18.csproj", "{852B1328-66C6-44E6-8898-0BABBCA58641}"
EndProject
Global
	GlobalSection(SolutionConfigurationPlatforms) = preSolution
		Debug|Any CPU = Debug|Any CPU
		Release|Any CPU = Release|Any CPU
	EndGlobalSection
	GlobalSection(ProjectConfigurationPlatforms) = postSolution
		{852B1328-66C6-44E6-8898-0BABBCA58641}.Debug|Any CPU.ActiveCfg = Debug|Any CPU
		{852B1328-66C6-44E6-8898-0BABBCA58641}.Debug|Any CPU.Build.0 = Debug|Any CPU
		{852B1328-66C6-44E6-8898-0BABBCA58641}.Release|Any CPU.ActiveCfg = Release|Any CPU
		{852B1328-66C6-44E6-8898-0BABBCA58641}.Release|Any CPU.Build.0 = Release|Any CPU
	EndGlobalSection
	GlobalSection(SolutionProperties) = preSolution
		HideSolutionNode = FALSE
	EndGlobalSection
EndGlobal
